
Microsoft Visual Studio Solution File, Format Version 12.00
# Visual Studio Version 17
VisualStudioVersion = 17.1.32319.34
MinimumVisualStudioVersion = 10.0.40219.1
Project("{8BC9CEB8-8B4A-11D0-8D11-00A0C91BC942}") = "Project21", "Project21.vcxproj", "{F8AABCF7-7181-4AAA-B43C-EF363AE7C613}"
EndProject
Global
	GlobalSection(SolutionConfigurationPlatforms) = preSolution
		Debug|x64 = Debug|x64
		Debug|x86 = Debug|x86
		Release|x64 = Release|x64
		Release|x86 = Release|x86
	EndGlobalSection
	GlobalSection(ProjectConfigurationPlatforms) = postSolution
		{F8AABCF7-7181-4AAA-B43C-EF363AE7C613}.Debug|x64.ActiveCfg = Debug|x64
		{F8AABCF7-7181-4AAA-B43C-EF363AE7C613}.Debug|x64.Build.0 = Debug|x64
		{F8AABCF7-7181-4AAA-B43C-EF363AE7C613}.Debug|x86.ActiveCfg = Debug|Win32
		{F8AABCF7-7181-4AAA-B43C-EF363AE7C613}.Debug|x86.Build.0 = Debug|Win32
		{F8AABCF7-7181-4AAA-B43C-EF363AE7C613}.Release|x64.ActiveCfg = Release|x64
		{F8AABCF7-7181-4AAA-B43C-EF363AE7C613}.Release|x64.Build.0 = Release|x64
		{F8AABCF7-7181-4AAA-B43C-EF363AE7C613}.Release|x86.ActiveCfg = Release|Win32
		{F8AABCF7-7181-4AAA-B43C-EF363AE7C613}.Release|x86.Build.0 = Release|Win32
	EndGlobalSection
	GlobalSection(SolutionProperties) = preSolution
		HideSolutionNode = FALSE
	EndGlobalSection
	GlobalSection(ExtensibilityGlobals) = postSolution
		SolutionGuid = {E4C60670-7B11-40FB-AAC9-DEFEA43E9AA0}
	EndGlobalSection
EndGlobal
